
Microsoft Visual Studio Solution File, Format Version 12.00
# Visual Studio Version 17
VisualStudioVersion = 17.13.35825.156
MinimumVisualStudioVersion = 10.0.40219.1
Project("{FAE04EC0-301F-11D3-BF4B-00C04F79EFBC}") = "GestionTareasApi", "GestionTareasApi\GestionTareasApi.csproj", "{B6607059-AF61-2BE3-0FC3-9A9EB0A06691}"
EndProject
Project("{FAE04EC0-301F-11D3-BF4B-00C04F79EFBC}") = "xUnitTest", "xUnitTest\xUnitTest.csproj", "{5949EAE5-2BF2-F16B-F237-6550F6F74BCC}"
EndProject
Global
	GlobalSection(SolutionConfigurationPlatforms) = preSolution
		Debug|Any CPU = Debug|Any CPU
		Release|Any CPU = Release|Any CPU
	EndGlobalSection
	GlobalSection(ProjectConfigurationPlatforms) = postSolution
		{B6607059-AF61-2BE3-0FC3-9A9EB0A06691}.Debug|Any CPU.ActiveCfg = Debug|Any CPU
		{B6607059-AF61-2BE3-0FC3-9A9EB0A06691}.Debug|Any CPU.Build.0 = Debug|Any CPU
		{B6607059-AF61-2BE3-0FC3-9A9EB0A06691}.Release|Any CPU.ActiveCfg = Release|Any CPU
		{B6607059-AF61-2BE3-0FC3-9A9EB0A06691}.Release|Any CPU.Build.0 = Release|Any CPU
		{5949EAE5-2BF2-F16B-F237-6550F6F74BCC}.Debug|Any CPU.ActiveCfg = Debug|Any CPU
		{5949EAE5-2BF2-F16B-F237-6550F6F74BCC}.Debug|Any CPU.Build.0 = Debug|Any CPU
		{5949EAE5-2BF2-F16B-F237-6550F6F74BCC}.Release|Any CPU.ActiveCfg = Release|Any CPU
		{5949EAE5-2BF2-F16B-F237-6550F6F74BCC}.Release|Any CPU.Build.0 = Release|Any CPU
	EndGlobalSection
	GlobalSection(SolutionProperties) = preSolution
		HideSolutionNode = FALSE
	EndGlobalSection
	GlobalSection(ExtensibilityGlobals) = postSolution
		SolutionGuid = {45F1396F-13E9-435B-9E57-A9FAC7AC901F}
	EndGlobalSection
EndGlobal
